// !$*UTF8*$!
{
	archiveVersion = 1;
	classes = {
	};
	objectVersion = 46;
	objects = {

/* Begin PBXBuildFile section */
		2C6C17ED1A84553B00272EA9 /* SecondViewController.m in Sources */ = {isa = PBXBuildFile; fileRef = 2C6C17EB1A84553B00272EA9 /* SecondViewController.m */; };
		2C6C17EE1A84553B00272EA9 /* SecondViewController.xib in Resources */ = {isa = PBXBuildFile; fileRef = 2C6C17EC1A84553B00272EA9 /* SecondViewController.xib */; };
		2C6C17F21A84556500272EA9 /* FirstViewController.m in Sources */ = {isa = PBXBuildFile; fileRef = 2C6C17F01A84556500272EA9 /* FirstViewController.m */; };
		2C6C17F31A84556500272EA9 /* FirstViewController.xib in Resources */ = {isa = PBXBuildFile; fileRef = 2C6C17F11A84556500272EA9 /* FirstViewController.xib */; };
		2C6C17F71A84557700272EA9 /* ThirdViewController.m in Sources */ = {isa = PBXBuildFile; fileRef = 2C6C17F51A84557700272EA9 /* ThirdViewController.m */; };
		2C6C17F81A84557700272EA9 /* ThirdViewController.xib in Resources */ = {isa = PBXBuildFile; fileRef = 2C6C17F61A84557700272EA9 /* ThirdViewController.xib */; };
		2C6C17FC1A84558900272EA9 /* FourthViewController.m in Sources */ = {isa = PBXBuildFile; fileRef = 2C6C17FA1A84558900272EA9 /* FourthViewController.m */; };
		2C6C17FD1A84558900272EA9 /* FourthViewController.xib in Resources */ = {isa = PBXBuildFile; fileRef = 2C6C17FB1A84558900272EA9 /* FourthViewController.xib */; };
		2C729F631A8CE53D00DBC197 /* UIView+ITTAdditions.m in Sources */ = {isa = PBXBuildFile; fileRef = 2C729F621A8CE53D00DBC197 /* UIView+ITTAdditions.m */; };
		2C7ED92F1A85C71800E9264F /* MASCompositeConstraint.m in Sources */ = {isa = PBXBuildFile; fileRef = 2C7ED9191A85C71800E9264F /* MASCompositeConstraint.m */; };
		2C7ED9301A85C71800E9264F /* MASConstraint.m in Sources */ = {isa = PBXBuildFile; fileRef = 2C7ED91C1A85C71800E9264F /* MASConstraint.m */; };
		2C7ED9311A85C71800E9264F /* MASConstraintMaker.m in Sources */ = {isa = PBXBuildFile; fileRef = 2C7ED91E1A85C71800E9264F /* MASConstraintMaker.m */; };
		2C7ED9321A85C71800E9264F /* MASLayoutConstraint.m in Sources */ = {isa = PBXBuildFile; fileRef = 2C7ED9201A85C71800E9264F /* MASLayoutConstraint.m */; };
		2C7ED9331A85C71800E9264F /* MASViewAttribute.m in Sources */ = {isa = PBXBuildFile; fileRef = 2C7ED9241A85C71800E9264F /* MASViewAttribute.m */; };
		2C7ED9341A85C71800E9264F /* MASViewConstraint.m in Sources */ = {isa = PBXBuildFile; fileRef = 2C7ED9261A85C71800E9264F /* MASViewConstraint.m */; };
		2C7ED9351A85C71800E9264F /* NSArray+MASAdditions.m in Sources */ = {isa = PBXBuildFile; fileRef = 2C7ED9281A85C71800E9264F /* NSArray+MASAdditions.m */; };
		2C7ED9361A85C71800E9264F /* NSLayoutConstraint+MASDebugAdditions.m in Sources */ = {isa = PBXBuildFile; fileRef = 2C7ED92B1A85C71800E9264F /* NSLayoutConstraint+MASDebugAdditions.m */; };
		2C7ED9371A85C71800E9264F /* View+MASAdditions.m in Sources */ = {isa = PBXBuildFile; fileRef = 2C7ED92D1A85C71800E9264F /* View+MASAdditions.m */; };
		2C7ED93A1A85DC6300E9264F /* CECalculatorLayoutView.m in Sources */ = {isa = PBXBuildFile; fileRef = 2C7ED9391A85DC6300E9264F /* CECalculatorLayoutView.m */; };
		2C7ED93D1A85DCA900E9264F /* UIColor+expanded.m in Sources */ = {isa = PBXBuildFile; fileRef = 2C7ED93C1A85DCA900E9264F /* UIColor+expanded.m */; };
		2C7ED9401A85DDD500E9264F /* BaseView.m in Sources */ = {isa = PBXBuildFile; fileRef = 2C7ED93F1A85DDD500E9264F /* BaseView.m */; };
		2C8F61C61A8357F700DE4866 /* main.m in Sources */ = {isa = PBXBuildFile; fileRef = 2C8F61C51A8357F700DE4866 /* main.m */; };
		2C8F61C91A8357F700DE4866 /* AppDelegate.m in Sources */ = {isa = PBXBuildFile; fileRef = 2C8F61C81A8357F700DE4866 /* AppDelegate.m */; };
		2C8F61CC1A8357F700DE4866 /* ViewController.m in Sources */ = {isa = PBXBuildFile; fileRef = 2C8F61CB1A8357F700DE4866 /* ViewController.m */; };
		2C8F61CF1A8357F700DE4866 /* Main.storyboard in Resources */ = {isa = PBXBuildFile; fileRef = 2C8F61CD1A8357F700DE4866 /* Main.storyboard */; };
		2C8F61D11A8357F700DE4866 /* Images.xcassets in Resources */ = {isa = PBXBuildFile; fileRef = 2C8F61D01A8357F700DE4866 /* Images.xcassets */; };
		2C8F61D41A8357F700DE4866 /* LaunchScreen.xib in Resources */ = {isa = PBXBuildFile; fileRef = 2C8F61D21A8357F700DE4866 /* LaunchScreen.xib */; };
		2C8F61E01A8357F800DE4866 /* BezierpathTests.m in Sources */ = {isa = PBXBuildFile; fileRef = 2C8F61DF1A8357F800DE4866 /* BezierpathTests.m */; };
		2C8F61EB1A83582500DE4866 /* MyView.m in Sources */ = {isa = PBXBuildFile; fileRef = 2C8F61EA1A83582500DE4866 /* MyView.m */; };
		2CAF7C6F1AA430D00073706C /* XTSegmentControl.m in Sources */ = {isa = PBXBuildFile; fileRef = 2CAF7C6E1AA430D00073706C /* XTSegmentControl.m */; };
		2CAF7C721AA432640073706C /* iCarousel.m in Sources */ = {isa = PBXBuildFile; fileRef = 2CAF7C711AA432640073706C /* iCarousel.m */; };
/* End PBXBuildFile section */

/* Begin PBXContainerItemProxy section */
		2C8F61DA1A8357F800DE4866 /* PBXContainerItemProxy */ = {
			isa = PBXContainerItemProxy;
			containerPortal = 2C8F61B81A8357F700DE4866 /* Project object */;
			proxyType = 1;
			remoteGlobalIDString = 2C8F61BF1A8357F700DE4866;
			remoteInfo = Bezierpath;
		};
/* End PBXContainerItemProxy section */

/* Begin PBXFileReference section */
		2C6C17EA1A84553B00272EA9 /* SecondViewController.h */ = {isa = PBXFileReference; fileEncoding = 4; lastKnownFileType = sourcecode.c.h; path = SecondViewController.h; sourceTree = "<group>"; };
		2C6C17EB1A84553B00272EA9 /* SecondViewController.m */ = {isa = PBXFileReference; fileEncoding = 4; lastKnownFileType = sourcecode.c.objc; path = SecondViewController.m; sourceTree = "<group>"; };
		2C6C17EC1A84553B00272EA9 /* SecondViewController.xib */ = {isa = PBXFileReference; fileEncoding = 4; lastKnownFileType = file.xib; path = SecondViewController.xib; sourceTree = "<group>"; };
		2C6C17EF1A84556500272EA9 /* FirstViewController.h */ = {isa = PBXFileReference; fileEncoding = 4; lastKnownFileType = sourcecode.c.h; path = FirstViewController.h; sourceTree = "<group>"; };
		2C6C17F01A84556500272EA9 /* FirstViewController.m */ = {isa = PBXFileReference; fileEncoding = 4; lastKnownFileType = sourcecode.c.objc; path = FirstViewController.m; sourceTree = "<group>"; };
		2C6C17F11A84556500272EA9 /* FirstViewController.xib */ = {isa = PBXFileReference; fileEncoding = 4; lastKnownFileType = file.xib; path = FirstViewController.xib; sourceTree = "<group>"; };
		2C6C17F41A84557700272EA9 /* ThirdViewController.h */ = {isa = PBXFileReference; fileEncoding = 4; lastKnownFileType = sourcecode.c.h; path = ThirdViewController.h; sourceTree = "<group>"; };
		2C6C17F51A84557700272EA9 /* ThirdViewController.m */ = {isa = PBXFileReference; fileEncoding = 4; lastKnownFileType = sourcecode.c.objc; path = ThirdViewController.m; sourceTree = "<group>"; };
		2C6C17F61A84557700272EA9 /* ThirdViewController.xib */ = {isa = PBXFileReference; fileEncoding = 4; lastKnownFileType = file.xib; path = ThirdViewController.xib; sourceTree = "<group>"; };
		2C6C17F91A84558900272EA9 /* FourthViewController.h */ = {isa = PBXFileReference; fileEncoding = 4; lastKnownFileType = sourcecode.c.h; path = FourthViewController.h; sourceTree = "<group>"; };
		2C6C17FA1A84558900272EA9 /* FourthViewController.m */ = {isa = PBXFileReference; fileEncoding = 4; lastKnownFileType = sourcecode.c.objc; path = FourthViewController.m; sourceTree = "<group>"; };
		2C6C17FB1A84558900272EA9 /* FourthViewController.xib */ = {isa = PBXFileReference; fileEncoding = 4; lastKnownFileType = file.xib; path = FourthViewController.xib; sourceTree = "<group>"; };
		2C729F611A8CE53D00DBC197 /* UIView+ITTAdditions.h */ = {isa = PBXFileReference; fileEncoding = 4; lastKnownFileType = sourcecode.c.h; path = "UIView+ITTAdditions.h"; sourceTree = "<group>"; };
		2C729F621A8CE53D00DBC197 /* UIView+ITTAdditions.m */ = {isa = PBXFileReference; fileEncoding = 4; lastKnownFileType = sourcecode.c.objc; path = "UIView+ITTAdditions.m"; sourceTree = "<group>"; };
		2C7ED9181A85C71800E9264F /* MASCompositeConstraint.h */ = {isa = PBXFileReference; fileEncoding = 4; lastKnownFileType = sourcecode.c.h; path = MASCompositeConstraint.h; sourceTree = "<group>"; };
		2C7ED9191A85C71800E9264F /* MASCompositeConstraint.m */ = {isa = PBXFileReference; fileEncoding = 4; lastKnownFileType = sourcecode.c.objc; path = MASCompositeConstraint.m; sourceTree = "<group>"; };
		2C7ED91A1A85C71800E9264F /* MASConstraint+Private.h */ = {isa = PBXFileReference; fileEncoding = 4; lastKnownFileType = sourcecode.c.h; path = "MASConstraint+Private.h"; sourceTree = "<group>"; };
		2C7ED91B1A85C71800E9264F /* MASConstraint.h */ = {isa = PBXFileReference; fileEncoding = 4; lastKnownFileType = sourcecode.c.h; path = MASConstraint.h; sourceTree = "<group>"; };
		2C7ED91C1A85C71800E9264F /* MASConstraint.m */ = {isa = PBXFileReference; fileEncoding = 4; lastKnownFileType = sourcecode.c.objc; path = MASConstraint.m; sourceTree = "<group>"; };
		2C7ED91D1A85C71800E9264F /* MASConstraintMaker.h */ = {isa = PBXFileReference; fileEncoding = 4; lastKnownFileType = sourcecode.c.h; path = MASConstraintMaker.h; sourceTree = "<group>"; };
		2C7ED91E1A85C71800E9264F /* MASConstraintMaker.m */ = {isa = PBXFileReference; fileEncoding = 4; lastKnownFileType = sourcecode.c.objc; path = MASConstraintMaker.m; sourceTree = "<group>"; };
		2C7ED91F1A85C71800E9264F /* MASLayoutConstraint.h */ = {isa = PBXFileReference; fileEncoding = 4; lastKnownFileType = sourcecode.c.h; path = MASLayoutConstraint.h; sourceTree = "<group>"; };
		2C7ED9201A85C71800E9264F /* MASLayoutConstraint.m */ = {isa = PBXFileReference; fileEncoding = 4; lastKnownFileType = sourcecode.c.objc; path = MASLayoutConstraint.m; sourceTree = "<group>"; };
		2C7ED9211A85C71800E9264F /* Masonry.h */ = {isa = PBXFileReference; fileEncoding = 4; lastKnownFileType = sourcecode.c.h; path = Masonry.h; sourceTree = "<group>"; };
		2C7ED9221A85C71800E9264F /* MASUtilities.h */ = {isa = PBXFileReference; fileEncoding = 4; lastKnownFileType = sourcecode.c.h; path = MASUtilities.h; sourceTree = "<group>"; };
		2C7ED9231A85C71800E9264F /* MASViewAttribute.h */ = {isa = PBXFileReference; fileEncoding = 4; lastKnownFileType = sourcecode.c.h; path = MASViewAttribute.h; sourceTree = "<group>"; };
		2C7ED9241A85C71800E9264F /* MASViewAttribute.m */ = {isa = PBXFileReference; fileEncoding = 4; lastKnownFileType = sourcecode.c.objc; path = MASViewAttribute.m; sourceTree = "<group>"; };
		2C7ED9251A85C71800E9264F /* MASViewConstraint.h */ = {isa = PBXFileReference; fileEncoding = 4; lastKnownFileType = sourcecode.c.h; path = MASViewConstraint.h; sourceTree = "<group>"; };
		2C7ED9261A85C71800E9264F /* MASViewConstraint.m */ = {isa = PBXFileReference; fileEncoding = 4; lastKnownFileType = sourcecode.c.objc; path = MASViewConstraint.m; sourceTree = "<group>"; };
		2C7ED9271A85C71800E9264F /* NSArray+MASAdditions.h */ = {isa = PBXFileReference; fileEncoding = 4; lastKnownFileType = sourcecode.c.h; path = "NSArray+MASAdditions.h"; sourceTree = "<group>"; };
		2C7ED9281A85C71800E9264F /* NSArray+MASAdditions.m */ = {isa = PBXFileReference; fileEncoding = 4; lastKnownFileType = sourcecode.c.objc; path = "NSArray+MASAdditions.m"; sourceTree = "<group>"; };
		2C7ED9291A85C71800E9264F /* NSArray+MASShorthandAdditions.h */ = {isa = PBXFileReference; fileEncoding = 4; lastKnownFileType = sourcecode.c.h; path = "NSArray+MASShorthandAdditions.h"; sourceTree = "<group>"; };
		2C7ED92A1A85C71800E9264F /* NSLayoutConstraint+MASDebugAdditions.h */ = {isa = PBXFileReference; fileEncoding = 4; lastKnownFileType = sourcecode.c.h; path = "NSLayoutConstraint+MASDebugAdditions.h"; sourceTree = "<group>"; };
		2C7ED92B1A85C71800E9264F /* NSLayoutConstraint+MASDebugAdditions.m */ = {isa = PBXFileReference; fileEncoding = 4; lastKnownFileType = sourcecode.c.objc; path = "NSLayoutConstraint+MASDebugAdditions.m"; sourceTree = "<group>"; };
		2C7ED92C1A85C71800E9264F /* View+MASAdditions.h */ = {isa = PBXFileReference; fileEncoding = 4; lastKnownFileType = sourcecode.c.h; path = "View+MASAdditions.h"; sourceTree = "<group>"; };
		2C7ED92D1A85C71800E9264F /* View+MASAdditions.m */ = {isa = PBXFileReference; fileEncoding = 4; lastKnownFileType = sourcecode.c.objc; path = "View+MASAdditions.m"; sourceTree = "<group>"; };
		2C7ED92E1A85C71800E9264F /* View+MASShorthandAdditions.h */ = {isa = PBXFileReference; fileEncoding = 4; lastKnownFileType = sourcecode.c.h; path = "View+MASShorthandAdditions.h"; sourceTree = "<group>"; };
		2C7ED9381A85DC6300E9264F /* CECalculatorLayoutView.h */ = {isa = PBXFileReference; fileEncoding = 4; lastKnownFileType = sourcecode.c.h; path = CECalculatorLayoutView.h; sourceTree = "<group>"; };
		2C7ED9391A85DC6300E9264F /* CECalculatorLayoutView.m */ = {isa = PBXFileReference; fileEncoding = 4; lastKnownFileType = sourcecode.c.objc; path = CECalculatorLayoutView.m; sourceTree = "<group>"; };
		2C7ED93B1A85DCA900E9264F /* UIColor+expanded.h */ = {isa = PBXFileReference; fileEncoding = 4; lastKnownFileType = sourcecode.c.h; path = "UIColor+expanded.h"; sourceTree = "<group>"; };
		2C7ED93C1A85DCA900E9264F /* UIColor+expanded.m */ = {isa = PBXFileReference; fileEncoding = 4; lastKnownFileType = sourcecode.c.objc; path = "UIColor+expanded.m"; sourceTree = "<group>"; };
		2C7ED93E1A85DDD500E9264F /* BaseView.h */ = {isa = PBXFileReference; fileEncoding = 4; lastKnownFileType = sourcecode.c.h; path = BaseView.h; sourceTree = "<group>"; };
		2C7ED93F1A85DDD500E9264F /* BaseView.m */ = {isa = PBXFileReference; fileEncoding = 4; lastKnownFileType = sourcecode.c.objc; path = BaseView.m; sourceTree = "<group>"; };
		2C8F61C01A8357F700DE4866 /* TestForSwitch.app */ = {isa = PBXFileReference; explicitFileType = wrapper.application; includeInIndex = 0; path = TestForSwitch.app; sourceTree = BUILT_PRODUCTS_DIR; };
		2C8F61C41A8357F700DE4866 /* Info.plist */ = {isa = PBXFileReference; lastKnownFileType = text.plist.xml; path = Info.plist; sourceTree = "<group>"; };
		2C8F61C51A8357F700DE4866 /* main.m */ = {isa = PBXFileReference; lastKnownFileType = sourcecode.c.objc; path = main.m; sourceTree = "<group>"; };
		2C8F61C71A8357F700DE4866 /* AppDelegate.h */ = {isa = PBXFileReference; lastKnownFileType = sourcecode.c.h; path = AppDelegate.h; sourceTree = "<group>"; };
		2C8F61C81A8357F700DE4866 /* AppDelegate.m */ = {isa = PBXFileReference; lastKnownFileType = sourcecode.c.objc; path = AppDelegate.m; sourceTree = "<group>"; };
		2C8F61CA1A8357F700DE4866 /* ViewController.h */ = {isa = PBXFileReference; lastKnownFileType = sourcecode.c.h; path = ViewController.h; sourceTree = "<group>"; };
		2C8F61CB1A8357F700DE4866 /* ViewController.m */ = {isa = PBXFileReference; lastKnownFileType = sourcecode.c.objc; path = ViewController.m; sourceTree = "<group>"; };
		2C8F61CE1A8357F700DE4866 /* Base */ = {isa = PBXFileReference; lastKnownFileType = file.storyboard; name = Base; path = Base.lproj/Main.storyboard; sourceTree = "<group>"; };
		2C8F61D01A8357F700DE4866 /* Images.xcassets */ = {isa = PBXFileReference; lastKnownFileType = folder.assetcatalog; path = Images.xcassets; sourceTree = "<group>"; };
		2C8F61D31A8357F700DE4866 /* Base */ = {isa = PBXFileReference; lastKnownFileType = file.xib; name = Base; path = Base.lproj/LaunchScreen.xib; sourceTree = "<group>"; };
		2C8F61D91A8357F800DE4866 /* TestForSwitchTests.xctest */ = {isa = PBXFileReference; explicitFileType = wrapper.cfbundle; includeInIndex = 0; path = TestForSwitchTests.xctest; sourceTree = BUILT_PRODUCTS_DIR; };
		2C8F61DE1A8357F800DE4866 /* Info.plist */ = {isa = PBXFileReference; lastKnownFileType = text.plist.xml; path = Info.plist; sourceTree = "<group>"; };
		2C8F61DF1A8357F800DE4866 /* BezierpathTests.m */ = {isa = PBXFileReference; lastKnownFileType = sourcecode.c.objc; path = BezierpathTests.m; sourceTree = "<group>"; };
		2C8F61E91A83582500DE4866 /* MyView.h */ = {isa = PBXFileReference; fileEncoding = 4; lastKnownFileType = sourcecode.c.h; path = MyView.h; sourceTree = "<group>"; };
		2C8F61EA1A83582500DE4866 /* MyView.m */ = {isa = PBXFileReference; fileEncoding = 4; lastKnownFileType = sourcecode.c.objc; path = MyView.m; sourceTree = "<group>"; };
		2CAF7C6D1AA430D00073706C /* XTSegmentControl.h */ = {isa = PBXFileReference; fileEncoding = 4; lastKnownFileType = sourcecode.c.h; path = XTSegmentControl.h; sourceTree = "<group>"; };
		2CAF7C6E1AA430D00073706C /* XTSegmentControl.m */ = {isa = PBXFileReference; fileEncoding = 4; lastKnownFileType = sourcecode.c.objc; path = XTSegmentControl.m; sourceTree = "<group>"; };
		2CAF7C701AA432640073706C /* iCarousel.h */ = {isa = PBXFileReference; fileEncoding = 4; lastKnownFileType = sourcecode.c.h; path = iCarousel.h; sourceTree = "<group>"; };
		2CAF7C711AA432640073706C /* iCarousel.m */ = {isa = PBXFileReference; fileEncoding = 4; lastKnownFileType = sourcecode.c.objc; path = iCarousel.m; sourceTree = "<group>"; };
/* End PBXFileReference section */

/* Begin PBXFrameworksBuildPhase section */
		2C8F61BD1A8357F700DE4866 /* Frameworks */ = {
			isa = PBXFrameworksBuildPhase;
			buildActionMask = 2147483647;
			files = (
			);
			runOnlyForDeploymentPostprocessing = 0;
		};
		2C8F61D61A8357F800DE4866 /* Frameworks */ = {
			isa = PBXFrameworksBuildPhase;
			buildActionMask = 2147483647;
			files = (
			);
			runOnlyForDeploymentPostprocessing = 0;
		};
/* End PBXFrameworksBuildPhase section */

/* Begin PBXGroup section */
		2C7ED9171A85C71800E9264F /* Masonry */ = {
			isa = PBXGroup;
			children = (
				2C7ED9181A85C71800E9264F /* MASCompositeConstraint.h */,
				2C7ED9191A85C71800E9264F /* MASCompositeConstraint.m */,
				2C7ED91A1A85C71800E9264F /* MASConstraint+Private.h */,
				2C7ED91B1A85C71800E9264F /* MASConstraint.h */,
				2C7ED91C1A85C71800E9264F /* MASConstraint.m */,
				2C7ED91D1A85C71800E9264F /* MASConstraintMaker.h */,
				2C7ED91E1A85C71800E9264F /* MASConstraintMaker.m */,
				2C7ED91F1A85C71800E9264F /* MASLayoutConstraint.h */,
				2C7ED9201A85C71800E9264F /* MASLayoutConstraint.m */,
				2C7ED9211A85C71800E9264F /* Masonry.h */,
				2C7ED9221A85C71800E9264F /* MASUtilities.h */,
				2C7ED9231A85C71800E9264F /* MASViewAttribute.h */,
				2C7ED9241A85C71800E9264F /* MASViewAttribute.m */,
				2C7ED9251A85C71800E9264F /* MASViewConstraint.h */,
				2C7ED9261A85C71800E9264F /* MASViewConstraint.m */,
				2C7ED9271A85C71800E9264F /* NSArray+MASAdditions.h */,
				2C7ED9281A85C71800E9264F /* NSArray+MASAdditions.m */,
				2C7ED9291A85C71800E9264F /* NSArray+MASShorthandAdditions.h */,
				2C7ED92A1A85C71800E9264F /* NSLayoutConstraint+MASDebugAdditions.h */,
				2C7ED92B1A85C71800E9264F /* NSLayoutConstraint+MASDebugAdditions.m */,
				2C7ED92C1A85C71800E9264F /* View+MASAdditions.h */,
				2C7ED92D1A85C71800E9264F /* View+MASAdditions.m */,
				2C7ED92E1A85C71800E9264F /* View+MASShorthandAdditions.h */,
			);
			path = Masonry;
			sourceTree = "<group>";
		};
		2C8F61B71A8357F700DE4866 = {
			isa = PBXGroup;
			children = (
				2C8F61C21A8357F700DE4866 /* TestForSwitch */,
				2C8F61DC1A8357F800DE4866 /* BezierpathTests */,
				2C8F61C11A8357F700DE4866 /* Products */,
			);
			sourceTree = "<group>";
		};
		2C8F61C11A8357F700DE4866 /* Products */ = {
			isa = PBXGroup;
			children = (
				2C8F61C01A8357F700DE4866 /* TestForSwitch.app */,
				2C8F61D91A8357F800DE4866 /* TestForSwitchTests.xctest */,
			);
			name = Products;
			sourceTree = "<group>";
		};
		2C8F61C21A8357F700DE4866 /* TestForSwitch */ = {
			isa = PBXGroup;
			children = (
				2CAF7C701AA432640073706C /* iCarousel.h */,
				2CAF7C711AA432640073706C /* iCarousel.m */,
				2CAF7C6D1AA430D00073706C /* XTSegmentControl.h */,
				2CAF7C6E1AA430D00073706C /* XTSegmentControl.m */,
				2C729F611A8CE53D00DBC197 /* UIView+ITTAdditions.h */,
				2C729F621A8CE53D00DBC197 /* UIView+ITTAdditions.m */,
				2C7ED93B1A85DCA900E9264F /* UIColor+expanded.h */,
				2C7ED93C1A85DCA900E9264F /* UIColor+expanded.m */,
				2C7ED93E1A85DDD500E9264F /* BaseView.h */,
				2C7ED93F1A85DDD500E9264F /* BaseView.m */,
				2C7ED9171A85C71800E9264F /* Masonry */,
				2C8F61C71A8357F700DE4866 /* AppDelegate.h */,
				2C8F61C81A8357F700DE4866 /* AppDelegate.m */,
				2C8F61CA1A8357F700DE4866 /* ViewController.h */,
				2C8F61CB1A8357F700DE4866 /* ViewController.m */,
				2C7ED9381A85DC6300E9264F /* CECalculatorLayoutView.h */,
				2C7ED9391A85DC6300E9264F /* CECalculatorLayoutView.m */,
				2C8F61CD1A8357F700DE4866 /* Main.storyboard */,
				2C8F61E91A83582500DE4866 /* MyView.h */,
				2C8F61EA1A83582500DE4866 /* MyView.m */,
				2C6C17EF1A84556500272EA9 /* FirstViewController.h */,
				2C6C17F01A84556500272EA9 /* FirstViewController.m */,
				2C6C17F11A84556500272EA9 /* FirstViewController.xib */,
				2C6C17EA1A84553B00272EA9 /* SecondViewController.h */,
				2C6C17EB1A84553B00272EA9 /* SecondViewController.m */,
				2C6C17EC1A84553B00272EA9 /* SecondViewController.xib */,
				2C6C17F41A84557700272EA9 /* ThirdViewController.h */,
				2C6C17F51A84557700272EA9 /* ThirdViewController.m */,
				2C6C17F61A84557700272EA9 /* ThirdViewController.xib */,
				2C6C17F91A84558900272EA9 /* FourthViewController.h */,
				2C6C17FA1A84558900272EA9 /* FourthViewController.m */,
				2C6C17FB1A84558900272EA9 /* FourthViewController.xib */,
				2C8F61D01A8357F700DE4866 /* Images.xcassets */,
				2C8F61D21A8357F700DE4866 /* LaunchScreen.xib */,
				2C8F61C31A8357F700DE4866 /* Supporting Files */,
			);
			name = TestForSwitch;
			path = Bezierpath;
			sourceTree = "<group>";
		};
		2C8F61C31A8357F700DE4866 /* Supporting Files */ = {
			isa = PBXGroup;
			children = (
				2C8F61C41A8357F700DE4866 /* Info.plist */,
				2C8F61C51A8357F700DE4866 /* main.m */,
			);
			name = "Supporting Files";
			sourceTree = "<group>";
		};
		2C8F61DC1A8357F800DE4866 /* BezierpathTests */ = {
			isa = PBXGroup;
			children = (
				2C8F61DF1A8357F800DE4866 /* BezierpathTests.m */,
				2C8F61DD1A8357F800DE4866 /* Supporting Files */,
			);
			path = BezierpathTests;
			sourceTree = "<group>";
		};
		2C8F61DD1A8357F800DE4866 /* Supporting Files */ = {
			isa = PBXGroup;
			children = (
				2C8F61DE1A8357F800DE4866 /* Info.plist */,
			);
			name = "Supporting Files";
			sourceTree = "<group>";
		};
/* End PBXGroup section */

/* Begin PBXNativeTarget section */
		2C8F61BF1A8357F700DE4866 /* TestForSwitch */ = {
			isa = PBXNativeTarget;
			buildConfigurationList = 2C8F61E31A8357F800DE4866 /* Build configuration list for PBXNativeTarget "TestForSwitch" */;
			buildPhases = (
				2C8F61BC1A8357F700DE4866 /* Sources */,
				2C8F61BD1A8357F700DE4866 /* Frameworks */,
				2C8F61BE1A8357F700DE4866 /* Resources */,
			);
			buildRules = (
			);
			dependencies = (
			);
			name = TestForSwitch;
			productName = Bezierpath;
			productReference = 2C8F61C01A8357F700DE4866 /* TestForSwitch.app */;
			productType = "com.apple.product-type.application";
		};
		2C8F61D81A8357F800DE4866 /* TestForSwitchTests */ = {
			isa = PBXNativeTarget;
			buildConfigurationList = 2C8F61E61A8357F800DE4866 /* Build configuration list for PBXNativeTarget "TestForSwitchTests" */;
			buildPhases = (
				2C8F61D51A8357F800DE4866 /* Sources */,
				2C8F61D61A8357F800DE4866 /* Frameworks */,
				2C8F61D71A8357F800DE4866 /* Resources */,
			);
			buildRules = (
			);
			dependencies = (
				2C8F61DB1A8357F800DE4866 /* PBXTargetDependency */,
			);
			name = TestForSwitchTests;
			productName = BezierpathTests;
			productReference = 2C8F61D91A8357F800DE4866 /* TestForSwitchTests.xctest */;
			productType = "com.apple.product-type.bundle.unit-test";
		};
/* End PBXNativeTarget section */

/* Begin PBXProject section */
		2C8F61B81A8357F700DE4866 /* Project object */ = {
			isa = PBXProject;
			attributes = {
				LastUpgradeCheck = 0610;
				ORGANIZATIONNAME = ncl;
				TargetAttributes = {
					2C8F61BF1A8357F700DE4866 = {
						CreatedOnToolsVersion = 6.1;
					};
					2C8F61D81A8357F800DE4866 = {
						CreatedOnToolsVersion = 6.1;
						TestTargetID = 2C8F61BF1A8357F700DE4866;
					};
				};
			};
			buildConfigurationList = 2C8F61BB1A8357F700DE4866 /* Build configuration list for PBXProject "TestForSwitch" */;
			compatibilityVersion = "Xcode 3.2";
			developmentRegion = English;
			hasScannedForEncodings = 0;
			knownRegions = (
				en,
				Base,
			);
			mainGroup = 2C8F61B71A8357F700DE4866;
			productRefGroup = 2C8F61C11A8357F700DE4866 /* Products */;
			projectDirPath = "";
			projectRoot = "";
			targets = (
				2C8F61BF1A8357F700DE4866 /* TestForSwitch */,
				2C8F61D81A8357F800DE4866 /* TestForSwitchTests */,
			);
		};
/* End PBXProject section */

/* Begin PBXResourcesBuildPhase section */
		2C8F61BE1A8357F700DE4866 /* Resources */ = {
			isa = PBXResourcesBuildPhase;
			buildActionMask = 2147483647;
			files = (
				2C8F61CF1A8357F700DE4866 /* Main.storyboard in Resources */,
				2C6C17F31A84556500272EA9 /* FirstViewController.xib in Resources */,
				2C6C17F81A84557700272EA9 /* ThirdViewController.xib in Resources */,
				2C8F61D41A8357F700DE4866 /* LaunchScreen.xib in Resources */,
				2C6C17FD1A84558900272EA9 /* FourthViewController.xib in Resources */,
				2C8F61D11A8357F700DE4866 /* Images.xcassets in Resources */,
				2C6C17EE1A84553B00272EA9 /* SecondViewController.xib in Resources */,
			);
			runOnlyForDeploymentPostprocessing = 0;
		};
		2C8F61D71A8357F800DE4866 /* Resources */ = {
			isa = PBXResourcesBuildPhase;
			buildActionMask = 2147483647;
			files = (
			);
			runOnlyForDeploymentPostprocessing = 0;
		};
/* End PBXResourcesBuildPhase section */

/* Begin PBXSourcesBuildPhase section */
		2C8F61BC1A8357F700DE4866 /* Sources */ = {
			isa = PBXSourcesBuildPhase;
			buildActionMask = 2147483647;
			files = (
				2C6C17FC1A84558900272EA9 /* FourthViewController.m in Sources */,
				2C6C17ED1A84553B00272EA9 /* SecondViewController.m in Sources */,
				2C7ED9351A85C71800E9264F /* NSArray+MASAdditions.m in Sources */,
				2C6C17F21A84556500272EA9 /* FirstViewController.m in Sources */,
				2CAF7C721AA432640073706C /* iCarousel.m in Sources */,
				2C8F61EB1A83582500DE4866 /* MyView.m in Sources */,
				2C729F631A8CE53D00DBC197 /* UIView+ITTAdditions.m in Sources */,
				2C7ED9371A85C71800E9264F /* View+MASAdditions.m in Sources */,
				2C7ED9321A85C71800E9264F /* MASLayoutConstraint.m in Sources */,
				2C7ED9401A85DDD500E9264F /* BaseView.m in Sources */,
				2C7ED93D1A85DCA900E9264F /* UIColor+expanded.m in Sources */,
				2C7ED9301A85C71800E9264F /* MASConstraint.m in Sources */,
				2CAF7C6F1AA430D00073706C /* XTSegmentControl.m in Sources */,
				2C7ED93A1A85DC6300E9264F /* CECalculatorLayoutView.m in Sources */,
				2C7ED9361A85C71800E9264F /* NSLayoutConstraint+MASDebugAdditions.m in Sources */,
				2C7ED92F1A85C71800E9264F /* MASCompositeConstraint.m in Sources */,
				2C8F61CC1A8357F700DE4866 /* ViewController.m in Sources */,
				2C8F61C91A8357F700DE4866 /* AppDelegate.m in Sources */,
				2C8F61C61A8357F700DE4866 /* main.m in Sources */,
				2C7ED9311A85C71800E9264F /* MASConstraintMaker.m in Sources */,
				2C7ED9341A85C71800E9264F /* MASViewConstraint.m in Sources */,
				2C6C17F71A84557700272EA9 /* ThirdViewController.m in Sources */,
				2C7ED9331A85C71800E9264F /* MASViewAttribute.m in Sources */,
			);
			runOnlyForDeploymentPostprocessing = 0;
		};
		2C8F61D51A8357F800DE4866 /* Sources */ = {
			isa = PBXSourcesBuildPhase;
			buildActionMask = 2147483647;
			files = (
				2C8F61E01A8357F800DE4866 /* BezierpathTests.m in Sources */,
			);
			runOnlyForDeploymentPostprocessing = 0;
		};
/* End PBXSourcesBuildPhase section */

/* Begin PBXTargetDependency section */
		2C8F61DB1A8357F800DE4866 /* PBXTargetDependency */ = {
			isa = PBXTargetDependency;
			target = 2C8F61BF1A8357F700DE4866 /* TestForSwitch */;
			targetProxy = 2C8F61DA1A8357F800DE4866 /* PBXContainerItemProxy */;
		};
/* End PBXTargetDependency section */

/* Begin PBXVariantGroup section */
		2C8F61CD1A8357F700DE4866 /* Main.storyboard */ = {
			isa = PBXVariantGroup;
			children = (
				2C8F61CE1A8357F700DE4866 /* Base */,
			);
			name = Main.storyboard;
			sourceTree = "<group>";
		};
		2C8F61D21A8357F700DE4866 /* LaunchScreen.xib */ = {
			isa = PBXVariantGroup;
			children = (
				2C8F61D31A8357F700DE4866 /* Base */,
			);
			name = LaunchScreen.xib;
			sourceTree = "<group>";
		};
/* End PBXVariantGroup section */

/* Begin XCBuildConfiguration section */
		2C8F61E11A8357F800DE4866 /* Debug */ = {
			isa = XCBuildConfiguration;
			buildSettings = {
				ALWAYS_SEARCH_USER_PATHS = NO;
				CLANG_CXX_LANGUAGE_STANDARD = "gnu++0x";
				CLANG_CXX_LIBRARY = "libc++";
				CLANG_ENABLE_MODULES = YES;
				CLANG_ENABLE_OBJC_ARC = YES;
				CLANG_WARN_BOOL_CONVERSION = YES;
				CLANG_WARN_CONSTANT_CONVERSION = YES;
				CLANG_WARN_DIRECT_OBJC_ISA_USAGE = YES_ERROR;
				CLANG_WARN_EMPTY_BODY = YES;
				CLANG_WARN_ENUM_CONVERSION = YES;
				CLANG_WARN_INT_CONVERSION = YES;
				CLANG_WARN_OBJC_ROOT_CLASS = YES_ERROR;
				CLANG_WARN_UNREACHABLE_CODE = YES;
				CLANG_WARN__DUPLICATE_METHOD_MATCH = YES;
				"CODE_SIGN_IDENTITY[sdk=iphoneos*]" = "iPhone Developer";
				COPY_PHASE_STRIP = NO;
				ENABLE_STRICT_OBJC_MSGSEND = YES;
				GCC_C_LANGUAGE_STANDARD = gnu99;
				GCC_DYNAMIC_NO_PIC = NO;
				GCC_OPTIMIZATION_LEVEL = 0;
				GCC_PREPROCESSOR_DEFINITIONS = (
					"DEBUG=1",
					"$(inherited)",
				);
				GCC_SYMBOLS_PRIVATE_EXTERN = NO;
				GCC_WARN_64_TO_32_BIT_CONVERSION = YES;
				GCC_WARN_ABOUT_RETURN_TYPE = YES_ERROR;
				GCC_WARN_UNDECLARED_SELECTOR = YES;
				GCC_WARN_UNINITIALIZED_AUTOS = YES_AGGRESSIVE;
				GCC_WARN_UNUSED_FUNCTION = YES;
				GCC_WARN_UNUSED_VARIABLE = YES;
				IPHONEOS_DEPLOYMENT_TARGET = 8.1;
				MTL_ENABLE_DEBUG_INFO = YES;
				ONLY_ACTIVE_ARCH = YES;
				SDKROOT = iphoneos;
				TARGETED_DEVICE_FAMILY = 2;
			};
			name = Debug;
		};
		2C8F61E21A8357F800DE4866 /* Release */ = {
			isa = XCBuildConfiguration;
			buildSettings = {
				ALWAYS_SEARCH_USER_PATHS = NO;
				CLANG_CXX_LANGUAGE_STANDARD = "gnu++0x";
				CLANG_CXX_LIBRARY = "libc++";
				CLANG_ENABLE_MODULES = YES;
				CLANG_ENABLE_OBJC_ARC = YES;
				CLANG_WARN_BOOL_CONVERSION = YES;
				CLANG_WARN_CONSTANT_CONVERSION = YES;
				CLANG_WARN_DIRECT_OBJC_ISA_USAGE = YES_ERROR;
				CLANG_WARN_EMPTY_BODY = YES;
				CLANG_WARN_ENUM_CONVERSION = YES;
				CLANG_WARN_INT_CONVERSION = YES;
				CLANG_WARN_OBJC_ROOT_CLASS = YES_ERROR;
				CLANG_WARN_UNREACHABLE_CODE = YES;
				CLANG_WARN__DUPLICATE_METHOD_MATCH = YES;
				"CODE_SIGN_IDENTITY[sdk=iphoneos*]" = "iPhone Developer";
				COPY_PHASE_STRIP = YES;
				ENABLE_NS_ASSERTIONS = NO;
				ENABLE_STRICT_OBJC_MSGSEND = YES;
				GCC_C_LANGUAGE_STANDARD = gnu99;
				GCC_WARN_64_TO_32_BIT_CONVERSION = YES;
				GCC_WARN_ABOUT_RETURN_TYPE = YES_ERROR;
				GCC_WARN_UNDECLARED_SELECTOR = YES;
				GCC_WARN_UNINITIALIZED_AUTOS = YES_AGGRESSIVE;
				GCC_WARN_UNUSED_FUNCTION = YES;
				GCC_WARN_UNUSED_VARIABLE = YES;
				IPHONEOS_DEPLOYMENT_TARGET = 8.1;
				MTL_ENABLE_DEBUG_INFO = NO;
				SDKROOT = iphoneos;
				TARGETED_DEVICE_FAMILY = 2;
				VALIDATE_PRODUCT = YES;
			};
			name = Release;
		};
		2C8F61E41A8357F800DE4866 /* Debug */ = {
			isa = XCBuildConfiguration;
			buildSettings = {
				ASSETCATALOG_COMPILER_APPICON_NAME = AppIcon;
				INFOPLIST_FILE = Bezierpath/Info.plist;
				IPHONEOS_DEPLOYMENT_TARGET = 7.1;
				LD_RUNPATH_SEARCH_PATHS = "$(inherited) @executable_path/Frameworks";
				PRODUCT_NAME = "$(TARGET_NAME)";
				TARGETED_DEVICE_FAMILY = "1,2";
			};
			name = Debug;
		};
		2C8F61E51A8357F800DE4866 /* Release */ = {
			isa = XCBuildConfiguration;
			buildSettings = {
				ASSETCATALOG_COMPILER_APPICON_NAME = AppIcon;
				INFOPLIST_FILE = Bezierpath/Info.plist;
				IPHONEOS_DEPLOYMENT_TARGET = 7.1;
				LD_RUNPATH_SEARCH_PATHS = "$(inherited) @executable_path/Frameworks";
				PRODUCT_NAME = "$(TARGET_NAME)";
				TARGETED_DEVICE_FAMILY = "1,2";
			};
			name = Release;
		};
		2C8F61E71A8357F800DE4866 /* Debug */ = {
			isa = XCBuildConfiguration;
			buildSettings = {
				BUNDLE_LOADER = "$(TEST_HOST)";
				FRAMEWORK_SEARCH_PATHS = (
					"$(SDKROOT)/Developer/Library/Frameworks",
					"$(inherited)",
				);
				GCC_PREPROCESSOR_DEFINITIONS = (
					"DEBUG=1",
					"$(inherited)",
				);
				INFOPLIST_FILE = BezierpathTests/Info.plist;
				LD_RUNPATH_SEARCH_PATHS = "$(inherited) @executable_path/Frameworks @loader_path/Frameworks";
				PRODUCT_NAME = "$(TARGET_NAME)";
				TEST_HOST = "$(BUILT_PRODUCTS_DIR)/TestForSwitch.app/TestForSwitch";
			};
			name = Debug;
		};
		2C8F61E81A8357F800DE4866 /* Release */ = {
			isa = XCBuildConfiguration;
			buildSettings = {
				BUNDLE_LOADER = "$(TEST_HOST)";
				FRAMEWORK_SEARCH_PATHS = (
					"$(SDKROOT)/Developer/Library/Frameworks",
					"$(inherited)",
				);
				INFOPLIST_FILE = BezierpathTests/Info.plist;
				LD_RUNPATH_SEARCH_PATHS = "$(inherited) @executable_path/Frameworks @loader_path/Frameworks";
				PRODUCT_NAME = "$(TARGET_NAME)";
				TEST_HOST = "$(BUILT_PRODUCTS_DIR)/TestForSwitch.app/TestForSwitch";
			};
			name = Release;
		};
/* End XCBuildConfiguration section */

/* Begin XCConfigurationList section */
		2C8F61BB1A8357F700DE4866 /* Build configuration list for PBXProject "TestForSwitch" */ = {
			isa = XCConfigurationList;
			buildConfigurations = (
				2C8F61E11A8357F800DE4866 /* Debug */,
				2C8F61E21A8357F800DE4866 /* Release */,
			);
			defaultConfigurationIsVisible = 0;
			defaultConfigurationName = Release;
		};
		2C8F61E31A8357F800DE4866 /* Build configuration list for PBXNativeTarget "TestForSwitch" */ = {
			isa = XCConfigurationList;
			buildConfigurations = (
				2C8F61E41A8357F800DE4866 /* Debug */,
				2C8F61E51A8357F800DE4866 /* Release */,
			);
			defaultConfigurationIsVisible = 0;
			defaultConfigurationName = Release;
		};
		2C8F61E61A8357F800DE4866 /* Build configuration list for PBXNativeTarget "TestForSwitchTests" */ = {
			isa = XCConfigurationList;
			buildConfigurations = (
				2C8F61E71A8357F800DE4866 /* Debug */,
				2C8F61E81A8357F800DE4866 /* Release */,
			);
			defaultConfigurationIsVisible = 0;
			defaultConfigurationName = Release;
		};
/* End XCConfigurationList section */
	};
	rootObject = 2C8F61B81A8357F700DE4866 /* Project object */;
}
